
Microsoft Visual Studio Solution File, Format Version 12.00
# Visual Studio Version 17
VisualStudioVersion = 17.12.35527.113 d17.12
MinimumVisualStudioVersion = 10.0.40219.1
Project("{FAE04EC0-301F-11D3-BF4B-00C04F79EFBC}") = "Sample Console App", "Sample Console App\Sample Console App.csproj", "{D0E2E60A-3F3F-4D31-9872-7EDDC7549093}"
EndProject
Project("{FAE04EC0-301F-11D3-BF4B-00C04F79EFBC}") = "Calculator", "Calculator\Calculator.csproj", "{81573BC8-73F1-4B84-9B05-810306A50316}"
EndProject
Global
	GlobalSection(SolutionConfigurationPlatforms) = preSolution
		Debug|Any CPU = Debug|Any CPU
		Release|Any CPU = Release|Any CPU
	EndGlobalSection
	GlobalSection(ProjectConfigurationPlatforms) = postSolution
		{D0E2E60A-3F3F-4D31-9872-7EDDC7549093}.Debug|Any CPU.ActiveCfg = Debug|Any CPU
		{D0E2E60A-3F3F-4D31-9872-7EDDC7549093}.Debug|Any CPU.Build.0 = Debug|Any CPU
		{D0E2E60A-3F3F-4D31-9872-7EDDC7549093}.Release|Any CPU.ActiveCfg = Release|Any CPU
		{D0E2E60A-3F3F-4D31-9872-7EDDC7549093}.Release|Any CPU.Build.0 = Release|Any CPU
		{81573BC8-73F1-4B84-9B05-810306A50316}.Debug|Any CPU.ActiveCfg = Debug|Any CPU
		{81573BC8-73F1-4B84-9B05-810306A50316}.Debug|Any CPU.Build.0 = Debug|Any CPU
		{81573BC8-73F1-4B84-9B05-810306A50316}.Release|Any CPU.ActiveCfg = Release|Any CPU
		{81573BC8-73F1-4B84-9B05-810306A50316}.Release|Any CPU.Build.0 = Release|Any CPU
	EndGlobalSection
	GlobalSection(SolutionProperties) = preSolution
		HideSolutionNode = FALSE
	EndGlobalSection
EndGlobal
